
Microsoft Visual Studio Solution File, Format Version 12.00
# Visual Studio 15
VisualStudioVersion = 15.0.27703.2026
MinimumVisualStudioVersion = 10.0.40219.1
Project("{FAE04EC0-301F-11D3-BF4B-00C04F79EFBC}") = "GitTest", "GitTest\GitTest.csproj", "{838B15CF-FE66-4A13-BC60-72456DB60647}"
EndProject
Global
	GlobalSection(SolutionConfigurationPlatforms) = preSolution
		Debug|Any CPU = Debug|Any CPU
		Release|Any CPU = Release|Any CPU
	EndGlobalSection
	GlobalSection(ProjectConfigurationPlatforms) = postSolution
		{838B15CF-FE66-4A13-BC60-72456DB60647}.Debug|Any CPU.ActiveCfg = Debug|Any CPU
		{838B15CF-FE66-4A13-BC60-72456DB60647}.Debug|Any CPU.Build.0 = Debug|Any CPU
		{838B15CF-FE66-4A13-BC60-72456DB60647}.Release|Any CPU.ActiveCfg = Release|Any CPU
		{838B15CF-FE66-4A13-BC60-72456DB60647}.Release|Any CPU.Build.0 = Release|Any CPU
	EndGlobalSection
	GlobalSection(SolutionProperties) = preSolution
		HideSolutionNode = FALSE
	EndGlobalSection
	GlobalSection(ExtensibilityGlobals) = postSolution
		SolutionGuid = {EBA154F3-5F44-4B75-9320-E04E79C46ADA}
	EndGlobalSection
EndGlobal
